
Microsoft Visual Studio Solution File, Format Version 12.00
# Visual Studio Version 17
VisualStudioVersion = 17.10.35004.147
MinimumVisualStudioVersion = 10.0.40219.1
Project("{9A19103F-16F7-4668-BE54-9A1E7A4F7556}") = "LMSProject", "LMSProject.csproj", "{332888B6-E905-4D8E-BAA2-E6212F419F75}"
EndProject
Project("{FAE04EC0-301F-11D3-BF4B-00C04F79EFBC}") = "LMSProject.Tests", "..\LMSProject.Tests\LMSProject.Tests.csproj", "{8D238C0B-9415-484E-92AC-2D68D8C4911E}"
EndProject
Global
	GlobalSection(SolutionConfigurationPlatforms) = preSolution
		Debug|Any CPU = Debug|Any CPU
		Release|Any CPU = Release|Any CPU
	EndGlobalSection
	GlobalSection(ProjectConfigurationPlatforms) = postSolution
		{332888B6-E905-4D8E-BAA2-E6212F419F75}.Debug|Any CPU.ActiveCfg = Debug|Any CPU
		{332888B6-E905-4D8E-BAA2-E6212F419F75}.Debug|Any CPU.Build.0 = Debug|Any CPU
		{332888B6-E905-4D8E-BAA2-E6212F419F75}.Release|Any CPU.ActiveCfg = Release|Any CPU
		{332888B6-E905-4D8E-BAA2-E6212F419F75}.Release|Any CPU.Build.0 = Release|Any CPU
		{8D238C0B-9415-484E-92AC-2D68D8C4911E}.Debug|Any CPU.ActiveCfg = Debug|Any CPU
		{8D238C0B-9415-484E-92AC-2D68D8C4911E}.Debug|Any CPU.Build.0 = Debug|Any CPU
		{8D238C0B-9415-484E-92AC-2D68D8C4911E}.Release|Any CPU.ActiveCfg = Release|Any CPU
		{8D238C0B-9415-484E-92AC-2D68D8C4911E}.Release|Any CPU.Build.0 = Release|Any CPU
	EndGlobalSection
	GlobalSection(SolutionProperties) = preSolution
		HideSolutionNode = FALSE
	EndGlobalSection
	GlobalSection(ExtensibilityGlobals) = postSolution
		SolutionGuid = {EB9000BA-D20D-4D26-9999-7BDCB8B82097}
	EndGlobalSection
EndGlobal
